// !$*UTF8*$!
{
	archiveVersion = 1;
	classes = {
	};
	objectVersion = 50;
	objects = {

/* Begin PBXBuildFile section */
		52A40DF123F0785700A9C63D /* AppDelegate.swift in Sources */ = {isa = PBXBuildFile; fileRef = 52A40DF023F0785700A9C63D /* AppDelegate.swift */; };
		52A40DF323F0785700A9C63D /* SceneDelegate.swift in Sources */ = {isa = PBXBuildFile; fileRef = 52A40DF223F0785700A9C63D /* SceneDelegate.swift */; };
		52A40DF523F0785700A9C63D /* ViewController.swift in Sources */ = {isa = PBXBuildFile; fileRef = 52A40DF423F0785700A9C63D /* ViewController.swift */; };
		52A40DF823F0785700A9C63D /* Main.storyboard in Resources */ = {isa = PBXBuildFile; fileRef = 52A40DF623F0785700A9C63D /* Main.storyboard */; };
		52A40DFA23F0785800A9C63D /* Assets.xcassets in Resources */ = {isa = PBXBuildFile; fileRef = 52A40DF923F0785800A9C63D /* Assets.xcassets */; };
		52A40DFD23F0785800A9C63D /* LaunchScreen.storyboard in Resources */ = {isa = PBXBuildFile; fileRef = 52A40DFB23F0785800A9C63D /* LaunchScreen.storyboard */; };
/* End PBXBuildFile section */

/* Begin PBXFileReference section */
		52A40DED23F0785700A9C63D /* TalukderR_HW4_CSC471.app */ = {isa = PBXFileReference; explicitFileType = wrapper.application; includeInIndex = 0; path = TalukderR_HW4_CSC471.app; sourceTree = BUILT_PRODUCTS_DIR; };
		52A40DF023F0785700A9C63D /* AppDelegate.swift */ = {isa = PBXFileReference; lastKnownFileType = sourcecode.swift; path = AppDelegate.swift; sourceTree = "<group>"; };
		52A40DF223F0785700A9C63D /* SceneDelegate.swift */ = {isa = PBXFileReference; lastKnownFileType = sourcecode.swift; path = SceneDelegate.swift; sourceTree = "<group>"; };
		52A40DF423F0785700A9C63D /* ViewController.swift */ = {isa = PBXFileReference; lastKnownFileType = sourcecode.swift; path = ViewController.swift; sourceTree = "<group>"; };
		52A40DF723F0785700A9C63D /* Base */ = {isa = PBXFileReference; lastKnownFileType = file.storyboard; name = Base; path = Base.lproj/Main.storyboard; sourceTree = "<group>"; };
		52A40DF923F0785800A9C63D /* Assets.xcassets */ = {isa = PBXFileReference; lastKnownFileType = folder.assetcatalog; path = Assets.xcassets; sourceTree = "<group>"; };
		52A40DFC23F0785800A9C63D /* Base */ = {isa = PBXFileReference; lastKnownFileType = file.storyboard; name = Base; path = Base.lproj/LaunchScreen.storyboard; sourceTree = "<group>"; };
		52A40DFE23F0785800A9C63D /* Info.plist */ = {isa = PBXFileReference; lastKnownFileType = text.plist.xml; path = Info.plist; sourceTree = "<group>"; };
/* End PBXFileReference section */

/* Begin PBXFrameworksBuildPhase section */
		52A40DEA23F0785700A9C63D /* Frameworks */ = {
			isa = PBXFrameworksBuildPhase;
			buildActionMask = 2147483647;
			files = (
			);
			runOnlyForDeploymentPostprocessing = 0;
		};
/* End PBXFrameworksBuildPhase section */

/* Begin PBXGroup section */
		52A40DE423F0785700A9C63D = {
			isa = PBXGroup;
			children = (
				52A40DEF23F0785700A9C63D /* TalukderR_HW4_CSC471 */,
				52A40DEE23F0785700A9C63D /* Products */,
			);
			sourceTree = "<group>";
		};
		52A40DEE23F0785700A9C63D /* Products */ = {
			isa = PBXGroup;
			children = (
				52A40DED23F0785700A9C63D /* TalukderR_HW4_CSC471.app */,
			);
			name = Products;
			sourceTree = "<group>";
		};
		52A40DEF23F0785700A9C63D /* TalukderR_HW4_CSC471 */ = {
			isa = PBXGroup;
			children = (
				52A40DF023F0785700A9C63D /* AppDelegate.swift */,
				52A40DF223F0785700A9C63D /* SceneDelegate.swift */,
				52A40DF423F0785700A9C63D /* ViewController.swift */,
				52A40DF623F0785700A9C63D /* Main.storyboard */,
				52A40DF923F0785800A9C63D /* Assets.xcassets */,
				52A40DFB23F0785800A9C63D /* LaunchScreen.storyboard */,
				52A40DFE23F0785800A9C63D /* Info.plist */,
			);
			path = TalukderR_HW4_CSC471;
			sourceTree = "<group>";
		};
/* End PBXGroup section */

/* Begin PBXNativeTarget section */
		52A40DEC23F0785700A9C63D /* TalukderR_HW4_CSC471 */ = {
			isa = PBXNativeTarget;
			buildConfigurationList = 52A40E0123F0785800A9C63D /* Build configuration list for PBXNativeTarget "TalukderR_HW4_CSC471" */;
			buildPhases = (
				52A40DE923F0785700A9C63D /* Sources */,
				52A40DEA23F0785700A9C63D /* Frameworks */,
				52A40DEB23F0785700A9C63D /* Resources */,
			);
			buildRules = (
			);
			dependencies = (
			);
			name = TalukderR_HW4_CSC471;
			productName = TalukderR_HW4_CSC471;
			productReference = 52A40DED23F0785700A9C63D /* TalukderR_HW4_CSC471.app */;
			productType = "com.apple.product-type.application";
		};
/* End PBXNativeTarget section */

/* Begin PBXProject section */
		52A40DE523F0785700A9C63D /* Project object */ = {
			isa = PBXProject;
			attributes = {
				LastSwiftUpdateCheck = 1130;
				LastUpgradeCheck = 1130;
				ORGANIZATIONNAME = "DePaul University";
				TargetAttributes = {
					52A40DEC23F0785700A9C63D = {
						CreatedOnToolsVersion = 11.3.1;
					};
				};
			};
			buildConfigurationList = 52A40DE823F0785700A9C63D /* Build configuration list for PBXProject "TalukderR_HW4_CSC471" */;
			compatibilityVersion = "Xcode 9.3";
			developmentRegion = en;
			hasScannedForEncodings = 0;
			knownRegions = (
				en,
				Base,
			);
			mainGroup = 52A40DE423F0785700A9C63D;
			productRefGroup = 52A40DEE23F0785700A9C63D /* Products */;
			projectDirPath = "";
			projectRoot = "";
			targets = (
				52A40DEC23F0785700A9C63D /* TalukderR_HW4_CSC471 */,
			);
		};
/* End PBXProject section */

/* Begin PBXResourcesBuildPhase section */
		52A40DEB23F0785700A9C63D /* Resources */ = {
			isa = PBXResourcesBuildPhase;
			buildActionMask = 2147483647;
			files = (
				52A40DFD23F0785800A9C63D /* LaunchScreen.storyboard in Resources */,
				52A40DFA23F0785800A9C63D /* Assets.xcassets in Resources */,
				52A40DF823F0785700A9C63D /* Main.storyboard in Resources */,
			);
			runOnlyForDeploymentPostprocessing = 0;
		};
/* End PBXResourcesBuildPhase section */

/* Begin PBXSourcesBuildPhase section */
		52A40DE923F0785700A9C63D /* Sources */ = {
			isa = PBXSourcesBuildPhase;
			buildActionMask = 2147483647;
			files = (
				52A40DF523F0785700A9C63D /* ViewController.swift in Sources */,
				52A40DF123F0785700A9C63D /* AppDelegate.swift in Sources */,
				52A40DF323F0785700A9C63D /* SceneDelegate.swift in Sources */,
			);
			runOnlyForDeploymentPostprocessing = 0;
		};
/* End PBXSourcesBuildPhase section */

/* Begin PBXVariantGroup section */
		52A40DF623F0785700A9C63D /* Main.storyboard */ = {
			isa = PBXVariantGroup;
			children = (
				52A40DF723F0785700A9C63D /* Base */,
			);
			name = Main.storyboard;
			sourceTree = "<group>";
		};
		52A40DFB23F0785800A9C63D /* LaunchScreen.storyboard */ = {
			isa = PBXVariantGroup;
			children = (
				52A40DFC23F0785800A9C63D /* Base */,
			);
			name = LaunchScreen.storyboard;
			sourceTree = "<group>";
		};
/* End PBXVariantGroup section */

/* Begin XCBuildConfiguration section */
		52A40DFF23F0785800A9C63D /* Debug */ = {
			isa = XCBuildConfiguration;
			buildSettings = {
				ALWAYS_SEARCH_USER_PATHS = NO;
				CLANG_ANALYZER_NONNULL = YES;
				CLANG_ANALYZER_NUMBER_OBJECT_CONVERSION = YES_AGGRESSIVE;
				CLANG_CXX_LANGUAGE_STANDARD = "gnu++14";
				CLANG_CXX_LIBRARY = "libc++";
				CLANG_ENABLE_MODULES = YES;
				CLANG_ENABLE_OBJC_ARC = YES;
				CLANG_ENABLE_OBJC_WEAK = YES;
				CLANG_WARN_BLOCK_CAPTURE_AUTORELEASING = YES;
				CLANG_WARN_BOOL_CONVERSION = YES;
				CLANG_WARN_COMMA = YES;
				CLANG_WARN_CONSTANT_CONVERSION = YES;
				CLANG_WARN_DEPRECATED_OBJC_IMPLEMENTATIONS = YES;
				CLANG_WARN_DIRECT_OBJC_ISA_USAGE = YES_ERROR;
				CLANG_WARN_DOCUMENTATION_COMMENTS = YES;
				CLANG_WARN_EMPTY_BODY = YES;
				CLANG_WARN_ENUM_CONVERSION = YES;
				CLANG_WARN_INFINITE_RECURSION = YES;
				CLANG_WARN_INT_CONVERSION = YES;
				CLANG_WARN_NON_LITERAL_NULL_CONVERSION = YES;
				CLANG_WARN_OBJC_IMPLICIT_RETAIN_SELF = YES;
				CLANG_WARN_OBJC_LITERAL_CONVERSION = YES;
				CLANG_WARN_OBJC_ROOT_CLASS = YES_ERROR;
				CLANG_WARN_RANGE_LOOP_ANALYSIS = YES;
				CLANG_WARN_STRICT_PROTOTYPES = YES;
				CLANG_WARN_SUSPICIOUS_MOVE = YES;
				CLANG_WARN_UNGUARDED_AVAILABILITY = YES_AGGRESSIVE;
				CLANG_WARN_UNREACHABLE_CODE = YES;
				CLANG_WARN__DUPLICATE_METHOD_MATCH = YES;
				COPY_PHASE_STRIP = NO;
				DEBUG_INFORMATION_FORMAT = dwarf;
				ENABLE_STRICT_OBJC_MSGSEND = YES;
				ENABLE_TESTABILITY = YES;
				GCC_C_LANGUAGE_STANDARD = gnu11;
				GCC_DYNAMIC_NO_PIC = NO;
				GCC_NO_COMMON_BLOCKS = YES;
				GCC_OPTIMIZATION_LEVEL = 0;
				GCC_PREPROCESSOR_DEFINITIONS = (
					"DEBUG=1",
					"$(inherited)",
				);
				GCC_WARN_64_TO_32_BIT_CONVERSION = YES;
				GCC_WARN_ABOUT_RETURN_TYPE = YES_ERROR;
				GCC_WARN_UNDECLARED_SELECTOR = YES;
				GCC_WARN_UNINITIALIZED_AUTOS = YES_AGGRESSIVE;
				GCC_WARN_UNUSED_FUNCTION = YES;
				GCC_WARN_UNUSED_VARIABLE = YES;
				IPHONEOS_DEPLOYMENT_TARGET = 13.2;
				MTL_ENABLE_DEBUG_INFO = INCLUDE_SOURCE;
				MTL_FAST_MATH = YES;
				ONLY_ACTIVE_ARCH = YES;
				SDKROOT = iphoneos;
				SWIFT_ACTIVE_COMPILATION_CONDITIONS = DEBUG;
				SWIFT_OPTIMIZATION_LEVEL = "-Onone";
			};
			name = Debug;
		};
		52A40E0023F0785800A9C63D /* Release */ = {
			isa = XCBuildConfiguration;
			buildSettings = {
				ALWAYS_SEARCH_USER_PATHS = NO;
				CLANG_ANALYZER_NONNULL = YES;
				CLANG_ANALYZER_NUMBER_OBJECT_CONVERSION = YES_AGGRESSIVE;
				CLANG_CXX_LANGUAGE_STANDARD = "gnu++14";
				CLANG_CXX_LIBRARY = "libc++";
				CLANG_ENABLE_MODULES = YES;
				CLANG_ENABLE_OBJC_ARC = YES;
				CLANG_ENABLE_OBJC_WEAK = YES;
				CLANG_WARN_BLOCK_CAPTURE_AUTORELEASING = YES;
				CLANG_WARN_BOOL_CONVERSION = YES;
				CLANG_WARN_COMMA = YES;
				CLANG_WARN_CONSTANT_CONVERSION = YES;
				CLANG_WARN_DEPRECATED_OBJC_IMPLEMENTATIONS = YES;
				CLANG_WARN_DIRECT_OBJC_ISA_USAGE = YES_ERROR;
				CLANG_WARN_DOCUMENTATION_COMMENTS = YES;
				CLANG_WARN_EMPTY_BODY = YES;
				CLANG_WARN_ENUM_CONVERSION = YES;
				CLANG_WARN_INFINITE_RECURSION = YES;
				CLANG_WARN_INT_CONVERSION = YES;
				CLANG_WARN_NON_LITERAL_NULL_CONVERSION = YES;
				CLANG_WARN_OBJC_IMPLICIT_RETAIN_SELF = YES;
				CLANG_WARN_OBJC_LITERAL_CONVERSION = YES;
				CLANG_WARN_OBJC_ROOT_CLASS = YES_ERROR;
				CLANG_WARN_RANGE_LOOP_ANALYSIS = YES;
				CLANG_WARN_STRICT_PROTOTYPES = YES;
				CLANG_WARN_SUSPICIOUS_MOVE = YES;
				CLANG_WARN_UNGUARDED_AVAILABILITY = YES_AGGRESSIVE;
				CLANG_WARN_UNREACHABLE_CODE = YES;
				CLANG_WARN__DUPLICATE_METHOD_MATCH = YES;
				COPY_PHASE_STRIP = NO;
				DEBUG_INFORMATION_FORMAT = "dwarf-with-dsym";
				ENABLE_NS_ASSERTIONS = NO;
				ENABLE_STRICT_OBJC_MSGSEND = YES;
				GCC_C_LANGUAGE_STANDARD = gnu11;
				GCC_NO_COMMON_BLOCKS = YES;
				GCC_WARN_64_TO_32_BIT_CONVERSION = YES;
				GCC_WARN_ABOUT_RETURN_TYPE = YES_ERROR;
				GCC_WARN_UNDECLARED_SELECTOR = YES;
				GCC_WARN_UNINITIALIZED_AUTOS = YES_AGGRESSIVE;
				GCC_WARN_UNUSED_FUNCTION = YES;
				GCC_WARN_UNUSED_VARIABLE = YES;
				IPHONEOS_DEPLOYMENT_TARGET = 13.2;
				MTL_ENABLE_DEBUG_INFO = NO;
				MTL_FAST_MATH = YES;
				SDKROOT = iphoneos;
				SWIFT_COMPILATION_MODE = wholemodule;
				SWIFT_OPTIMIZATION_LEVEL = "-O";
				VALIDATE_PRODUCT = YES;
			};
			name = Release;
		};
		52A40E0223F0785800A9C63D /* Debug */ = {
			isa = XCBuildConfiguration;
			buildSettings = {
				ASSETCATALOG_COMPILER_APPICON_NAME = AppIcon;
				CODE_SIGN_STYLE = Automatic;
				DEVELOPMENT_TEAM = G3Q4573F8R;
				INFOPLIST_FILE = TalukderR_HW4_CSC471/Info.plist;
				LD_RUNPATH_SEARCH_PATHS = (
					"$(inherited)",
					"@executable_path/Frameworks",
				);
				PRODUCT_BUNDLE_IDENTIFIER = "edu.depaul.csc471.TalukderR-HW4-CSC471";
				PRODUCT_NAME = "$(TARGET_NAME)";
				SWIFT_VERSION = 5.0;
				TARGETED_DEVICE_FAMILY = "1,2";
			};
			name = Debug;
		};
		52A40E0323F0785800A9C63D /* Release */ = {
			isa = XCBuildConfiguration;
			buildSettings = {
				ASSETCATALOG_COMPILER_APPICON_NAME = AppIcon;
				CODE_SIGN_STYLE = Automatic;
				DEVELOPMENT_TEAM = G3Q4573F8R;
				INFOPLIST_FILE = TalukderR_HW4_CSC471/Info.plist;
				LD_RUNPATH_SEARCH_PATHS = (
					"$(inherited)",
					"@executable_path/Frameworks",
				);
				PRODUCT_BUNDLE_IDENTIFIER = "edu.depaul.csc471.TalukderR-HW4-CSC471";
				PRODUCT_NAME = "$(TARGET_NAME)";
				SWIFT_VERSION = 5.0;
				TARGETED_DEVICE_FAMILY = "1,2";
			};
			name = Release;
		};
/* End XCBuildConfiguration section */

/* Begin XCConfigurationList section */
		52A40DE823F0785700A9C63D /* Build configuration list for PBXProject "TalukderR_HW4_CSC471" */ = {
			isa = XCConfigurationList;
			buildConfigurations = (
				52A40DFF23F0785800A9C63D /* Debug */,
				52A40E0023F0785800A9C63D /* Release */,
			);
			defaultConfigurationIsVisible = 0;
			defaultConfigurationName = Release;
		};
		52A40E0123F0785800A9C63D /* Build configuration list for PBXNativeTarget "TalukderR_HW4_CSC471" */ = {
			isa = XCConfigurationList;
			buildConfigurations = (
				52A40E0223F0785800A9C63D /* Debug */,
				52A40E0323F0785800A9C63D /* Release */,
			);
			defaultConfigurationIsVisible = 0;
			defaultConfigurationName = Release;
		};
/* End XCConfigurationList section */
	};
	rootObject = 52A40DE523F0785700A9C63D /* Project object */;
}
