// !$*UTF8*$!
{
	archiveVersion = 1;
	classes = {
	};
	objectVersion = 50;
	objects = {

/* Begin PBXBuildFile section */
		166CBC6B23B2E594007C22A9 /* AppDelegate.swift in Sources */ = {isa = PBXBuildFile; fileRef = 166CBC6A23B2E594007C22A9 /* AppDelegate.swift */; };
		166CBC6D23B2E594007C22A9 /* SceneDelegate.swift in Sources */ = {isa = PBXBuildFile; fileRef = 166CBC6C23B2E594007C22A9 /* SceneDelegate.swift */; };
		166CBC6F23B2E594007C22A9 /* ViewController.swift in Sources */ = {isa = PBXBuildFile; fileRef = 166CBC6E23B2E594007C22A9 /* ViewController.swift */; };
		166CBC7223B2E594007C22A9 /* Main.storyboard in Resources */ = {isa = PBXBuildFile; fileRef = 166CBC7023B2E594007C22A9 /* Main.storyboard */; };
		166CBC7423B2E595007C22A9 /* Assets.xcassets in Resources */ = {isa = PBXBuildFile; fileRef = 166CBC7323B2E595007C22A9 /* Assets.xcassets */; };
		166CBC7723B2E595007C22A9 /* LaunchScreen.storyboard in Resources */ = {isa = PBXBuildFile; fileRef = 166CBC7523B2E595007C22A9 /* LaunchScreen.storyboard */; };
		166CBC7F23B2E5B9007C22A9 /* CanvasView.swift in Sources */ = {isa = PBXBuildFile; fileRef = 166CBC7E23B2E5B9007C22A9 /* CanvasView.swift */; };
		166CBC8123B2E627007C22A9 /* ShapeButton.swift in Sources */ = {isa = PBXBuildFile; fileRef = 166CBC8023B2E627007C22A9 /* ShapeButton.swift */; };
/* End PBXBuildFile section */

/* Begin PBXFileReference section */
		166CBC6723B2E594007C22A9 /* Drawing Pad - SB.app */ = {isa = PBXFileReference; explicitFileType = wrapper.application; includeInIndex = 0; path = "Drawing Pad - SB.app"; sourceTree = BUILT_PRODUCTS_DIR; };
		166CBC6A23B2E594007C22A9 /* AppDelegate.swift */ = {isa = PBXFileReference; lastKnownFileType = sourcecode.swift; path = AppDelegate.swift; sourceTree = "<group>"; };
		166CBC6C23B2E594007C22A9 /* SceneDelegate.swift */ = {isa = PBXFileReference; lastKnownFileType = sourcecode.swift; path = SceneDelegate.swift; sourceTree = "<group>"; };
		166CBC6E23B2E594007C22A9 /* ViewController.swift */ = {isa = PBXFileReference; lastKnownFileType = sourcecode.swift; path = ViewController.swift; sourceTree = "<group>"; };
		166CBC7123B2E594007C22A9 /* Base */ = {isa = PBXFileReference; lastKnownFileType = file.storyboard; name = Base; path = Base.lproj/Main.storyboard; sourceTree = "<group>"; };
		166CBC7323B2E595007C22A9 /* Assets.xcassets */ = {isa = PBXFileReference; lastKnownFileType = folder.assetcatalog; path = Assets.xcassets; sourceTree = "<group>"; };
		166CBC7623B2E595007C22A9 /* Base */ = {isa = PBXFileReference; lastKnownFileType = file.storyboard; name = Base; path = Base.lproj/LaunchScreen.storyboard; sourceTree = "<group>"; };
		166CBC7823B2E595007C22A9 /* Info.plist */ = {isa = PBXFileReference; lastKnownFileType = text.plist.xml; path = Info.plist; sourceTree = "<group>"; };
		166CBC7E23B2E5B9007C22A9 /* CanvasView.swift */ = {isa = PBXFileReference; lastKnownFileType = sourcecode.swift; path = CanvasView.swift; sourceTree = "<group>"; };
		166CBC8023B2E627007C22A9 /* ShapeButton.swift */ = {isa = PBXFileReference; lastKnownFileType = sourcecode.swift; path = ShapeButton.swift; sourceTree = "<group>"; };
/* End PBXFileReference section */

/* Begin PBXFrameworksBuildPhase section */
		166CBC6423B2E594007C22A9 /* Frameworks */ = {
			isa = PBXFrameworksBuildPhase;
			buildActionMask = 2147483647;
			files = (
			);
			runOnlyForDeploymentPostprocessing = 0;
		};
/* End PBXFrameworksBuildPhase section */

/* Begin PBXGroup section */
		166CBC5E23B2E594007C22A9 = {
			isa = PBXGroup;
			children = (
				166CBC6923B2E594007C22A9 /* Drawing Pad - SB */,
				166CBC6823B2E594007C22A9 /* Products */,
			);
			sourceTree = "<group>";
		};
		166CBC6823B2E594007C22A9 /* Products */ = {
			isa = PBXGroup;
			children = (
				166CBC6723B2E594007C22A9 /* Drawing Pad - SB.app */,
			);
			name = Products;
			sourceTree = "<group>";
		};
		166CBC6923B2E594007C22A9 /* Drawing Pad - SB */ = {
			isa = PBXGroup;
			children = (
				166CBC6A23B2E594007C22A9 /* AppDelegate.swift */,
				166CBC6C23B2E594007C22A9 /* SceneDelegate.swift */,
				166CBC6E23B2E594007C22A9 /* ViewController.swift */,
				166CBC7E23B2E5B9007C22A9 /* CanvasView.swift */,
				166CBC8023B2E627007C22A9 /* ShapeButton.swift */,
				166CBC7023B2E594007C22A9 /* Main.storyboard */,
				166CBC7323B2E595007C22A9 /* Assets.xcassets */,
				166CBC7523B2E595007C22A9 /* LaunchScreen.storyboard */,
				166CBC7823B2E595007C22A9 /* Info.plist */,
			);
			path = "Drawing Pad - SB";
			sourceTree = "<group>";
		};
/* End PBXGroup section */

/* Begin PBXNativeTarget section */
		166CBC6623B2E594007C22A9 /* Drawing Pad - SB */ = {
			isa = PBXNativeTarget;
			buildConfigurationList = 166CBC7B23B2E595007C22A9 /* Build configuration list for PBXNativeTarget "Drawing Pad - SB" */;
			buildPhases = (
				166CBC6323B2E594007C22A9 /* Sources */,
				166CBC6423B2E594007C22A9 /* Frameworks */,
				166CBC6523B2E594007C22A9 /* Resources */,
			);
			buildRules = (
			);
			dependencies = (
			);
			name = "Drawing Pad - SB";
			productName = "Drawing Pad - SB";
			productReference = 166CBC6723B2E594007C22A9 /* Drawing Pad - SB.app */;
			productType = "com.apple.product-type.application";
		};
/* End PBXNativeTarget section */

/* Begin PBXProject section */
		166CBC5F23B2E594007C22A9 /* Project object */ = {
			isa = PBXProject;
			attributes = {
				LastSwiftUpdateCheck = 1130;
				LastUpgradeCheck = 1130;
				ORGANIZATIONNAME = "DePaul University";
				TargetAttributes = {
					166CBC6623B2E594007C22A9 = {
						CreatedOnToolsVersion = 11.3;
					};
				};
			};
			buildConfigurationList = 166CBC6223B2E594007C22A9 /* Build configuration list for PBXProject "Drawing Pad - SB" */;
			compatibilityVersion = "Xcode 9.3";
			developmentRegion = en;
			hasScannedForEncodings = 0;
			knownRegions = (
				en,
				Base,
			);
			mainGroup = 166CBC5E23B2E594007C22A9;
			productRefGroup = 166CBC6823B2E594007C22A9 /* Products */;
			projectDirPath = "";
			projectRoot = "";
			targets = (
				166CBC6623B2E594007C22A9 /* Drawing Pad - SB */,
			);
		};
/* End PBXProject section */

/* Begin PBXResourcesBuildPhase section */
		166CBC6523B2E594007C22A9 /* Resources */ = {
			isa = PBXResourcesBuildPhase;
			buildActionMask = 2147483647;
			files = (
				166CBC7723B2E595007C22A9 /* LaunchScreen.storyboard in Resources */,
				166CBC7423B2E595007C22A9 /* Assets.xcassets in Resources */,
				166CBC7223B2E594007C22A9 /* Main.storyboard in Resources */,
			);
			runOnlyForDeploymentPostprocessing = 0;
		};
/* End PBXResourcesBuildPhase section */

/* Begin PBXSourcesBuildPhase section */
		166CBC6323B2E594007C22A9 /* Sources */ = {
			isa = PBXSourcesBuildPhase;
			buildActionMask = 2147483647;
			files = (
				166CBC6F23B2E594007C22A9 /* ViewController.swift in Sources */,
				166CBC8123B2E627007C22A9 /* ShapeButton.swift in Sources */,
				166CBC6B23B2E594007C22A9 /* AppDelegate.swift in Sources */,
				166CBC7F23B2E5B9007C22A9 /* CanvasView.swift in Sources */,
				166CBC6D23B2E594007C22A9 /* SceneDelegate.swift in Sources */,
			);
			runOnlyForDeploymentPostprocessing = 0;
		};
/* End PBXSourcesBuildPhase section */

/* Begin PBXVariantGroup section */
		166CBC7023B2E594007C22A9 /* Main.storyboard */ = {
			isa = PBXVariantGroup;
			children = (
				166CBC7123B2E594007C22A9 /* Base */,
			);
			name = Main.storyboard;
			sourceTree = "<group>";
		};
		166CBC7523B2E595007C22A9 /* LaunchScreen.storyboard */ = {
			isa = PBXVariantGroup;
			children = (
				166CBC7623B2E595007C22A9 /* Base */,
			);
			name = LaunchScreen.storyboard;
			sourceTree = "<group>";
		};
/* End PBXVariantGroup section */

/* Begin XCBuildConfiguration section */
		166CBC7923B2E595007C22A9 /* Debug */ = {
			isa = XCBuildConfiguration;
			buildSettings = {
				ALWAYS_SEARCH_USER_PATHS = NO;
				CLANG_ANALYZER_NONNULL = YES;
				CLANG_ANALYZER_NUMBER_OBJECT_CONVERSION = YES_AGGRESSIVE;
				CLANG_CXX_LANGUAGE_STANDARD = "gnu++14";
				CLANG_CXX_LIBRARY = "libc++";
				CLANG_ENABLE_MODULES = YES;
				CLANG_ENABLE_OBJC_ARC = YES;
				CLANG_ENABLE_OBJC_WEAK = YES;
				CLANG_WARN_BLOCK_CAPTURE_AUTORELEASING = YES;
				CLANG_WARN_BOOL_CONVERSION = YES;
				CLANG_WARN_COMMA = YES;
				CLANG_WARN_CONSTANT_CONVERSION = YES;
				CLANG_WARN_DEPRECATED_OBJC_IMPLEMENTATIONS = YES;
				CLANG_WARN_DIRECT_OBJC_ISA_USAGE = YES_ERROR;
				CLANG_WARN_DOCUMENTATION_COMMENTS = YES;
				CLANG_WARN_EMPTY_BODY = YES;
				CLANG_WARN_ENUM_CONVERSION = YES;
				CLANG_WARN_INFINITE_RECURSION = YES;
				CLANG_WARN_INT_CONVERSION = YES;
				CLANG_WARN_NON_LITERAL_NULL_CONVERSION = YES;
				CLANG_WARN_OBJC_IMPLICIT_RETAIN_SELF = YES;
				CLANG_WARN_OBJC_LITERAL_CONVERSION = YES;
				CLANG_WARN_OBJC_ROOT_CLASS = YES_ERROR;
				CLANG_WARN_RANGE_LOOP_ANALYSIS = YES;
				CLANG_WARN_STRICT_PROTOTYPES = YES;
				CLANG_WARN_SUSPICIOUS_MOVE = YES;
				CLANG_WARN_UNGUARDED_AVAILABILITY = YES_AGGRESSIVE;
				CLANG_WARN_UNREACHABLE_CODE = YES;
				CLANG_WARN__DUPLICATE_METHOD_MATCH = YES;
				COPY_PHASE_STRIP = NO;
				DEBUG_INFORMATION_FORMAT = dwarf;
				ENABLE_STRICT_OBJC_MSGSEND = YES;
				ENABLE_TESTABILITY = YES;
				GCC_C_LANGUAGE_STANDARD = gnu11;
				GCC_DYNAMIC_NO_PIC = NO;
				GCC_NO_COMMON_BLOCKS = YES;
				GCC_OPTIMIZATION_LEVEL = 0;
				GCC_PREPROCESSOR_DEFINITIONS = (
					"DEBUG=1",
					"$(inherited)",
				);
				GCC_WARN_64_TO_32_BIT_CONVERSION = YES;
				GCC_WARN_ABOUT_RETURN_TYPE = YES_ERROR;
				GCC_WARN_UNDECLARED_SELECTOR = YES;
				GCC_WARN_UNINITIALIZED_AUTOS = YES_AGGRESSIVE;
				GCC_WARN_UNUSED_FUNCTION = YES;
				GCC_WARN_UNUSED_VARIABLE = YES;
				IPHONEOS_DEPLOYMENT_TARGET = 13.2;
				MTL_ENABLE_DEBUG_INFO = INCLUDE_SOURCE;
				MTL_FAST_MATH = YES;
				ONLY_ACTIVE_ARCH = YES;
				SDKROOT = iphoneos;
				SWIFT_ACTIVE_COMPILATION_CONDITIONS = DEBUG;
				SWIFT_OPTIMIZATION_LEVEL = "-Onone";
			};
			name = Debug;
		};
		166CBC7A23B2E595007C22A9 /* Release */ = {
			isa = XCBuildConfiguration;
			buildSettings = {
				ALWAYS_SEARCH_USER_PATHS = NO;
				CLANG_ANALYZER_NONNULL = YES;
				CLANG_ANALYZER_NUMBER_OBJECT_CONVERSION = YES_AGGRESSIVE;
				CLANG_CXX_LANGUAGE_STANDARD = "gnu++14";
				CLANG_CXX_LIBRARY = "libc++";
				CLANG_ENABLE_MODULES = YES;
				CLANG_ENABLE_OBJC_ARC = YES;
				CLANG_ENABLE_OBJC_WEAK = YES;
				CLANG_WARN_BLOCK_CAPTURE_AUTORELEASING = YES;
				CLANG_WARN_BOOL_CONVERSION = YES;
				CLANG_WARN_COMMA = YES;
				CLANG_WARN_CONSTANT_CONVERSION = YES;
				CLANG_WARN_DEPRECATED_OBJC_IMPLEMENTATIONS = YES;
				CLANG_WARN_DIRECT_OBJC_ISA_USAGE = YES_ERROR;
				CLANG_WARN_DOCUMENTATION_COMMENTS = YES;
				CLANG_WARN_EMPTY_BODY = YES;
				CLANG_WARN_ENUM_CONVERSION = YES;
				CLANG_WARN_INFINITE_RECURSION = YES;
				CLANG_WARN_INT_CONVERSION = YES;
				CLANG_WARN_NON_LITERAL_NULL_CONVERSION = YES;
				CLANG_WARN_OBJC_IMPLICIT_RETAIN_SELF = YES;
				CLANG_WARN_OBJC_LITERAL_CONVERSION = YES;
				CLANG_WARN_OBJC_ROOT_CLASS = YES_ERROR;
				CLANG_WARN_RANGE_LOOP_ANALYSIS = YES;
				CLANG_WARN_STRICT_PROTOTYPES = YES;
				CLANG_WARN_SUSPICIOUS_MOVE = YES;
				CLANG_WARN_UNGUARDED_AVAILABILITY = YES_AGGRESSIVE;
				CLANG_WARN_UNREACHABLE_CODE = YES;
				CLANG_WARN__DUPLICATE_METHOD_MATCH = YES;
				COPY_PHASE_STRIP = NO;
				DEBUG_INFORMATION_FORMAT = "dwarf-with-dsym";
				ENABLE_NS_ASSERTIONS = NO;
				ENABLE_STRICT_OBJC_MSGSEND = YES;
				GCC_C_LANGUAGE_STANDARD = gnu11;
				GCC_NO_COMMON_BLOCKS = YES;
				GCC_WARN_64_TO_32_BIT_CONVERSION = YES;
				GCC_WARN_ABOUT_RETURN_TYPE = YES_ERROR;
				GCC_WARN_UNDECLARED_SELECTOR = YES;
				GCC_WARN_UNINITIALIZED_AUTOS = YES_AGGRESSIVE;
				GCC_WARN_UNUSED_FUNCTION = YES;
				GCC_WARN_UNUSED_VARIABLE = YES;
				IPHONEOS_DEPLOYMENT_TARGET = 13.2;
				MTL_ENABLE_DEBUG_INFO = NO;
				MTL_FAST_MATH = YES;
				SDKROOT = iphoneos;
				SWIFT_COMPILATION_MODE = wholemodule;
				SWIFT_OPTIMIZATION_LEVEL = "-O";
				VALIDATE_PRODUCT = YES;
			};
			name = Release;
		};
		166CBC7C23B2E595007C22A9 /* Debug */ = {
			isa = XCBuildConfiguration;
			buildSettings = {
				ASSETCATALOG_COMPILER_APPICON_NAME = AppIcon;
				CODE_SIGN_STYLE = Automatic;
				DEVELOPMENT_TEAM = EQDMF4EA2Q;
				INFOPLIST_FILE = "Drawing Pad - SB/Info.plist";
				LD_RUNPATH_SEARCH_PATHS = (
					"$(inherited)",
					"@executable_path/Frameworks",
				);
				PRODUCT_BUNDLE_IDENTIFIER = "edu.depaul.csc471.Drawing-Pad---SB";
				PRODUCT_NAME = "$(TARGET_NAME)";
				SWIFT_VERSION = 5.0;
				TARGETED_DEVICE_FAMILY = "1,2";
			};
			name = Debug;
		};
		166CBC7D23B2E595007C22A9 /* Release */ = {
			isa = XCBuildConfiguration;
			buildSettings = {
				ASSETCATALOG_COMPILER_APPICON_NAME = AppIcon;
				CODE_SIGN_STYLE = Automatic;
				DEVELOPMENT_TEAM = EQDMF4EA2Q;
				INFOPLIST_FILE = "Drawing Pad - SB/Info.plist";
				LD_RUNPATH_SEARCH_PATHS = (
					"$(inherited)",
					"@executable_path/Frameworks",
				);
				PRODUCT_BUNDLE_IDENTIFIER = "edu.depaul.csc471.Drawing-Pad---SB";
				PRODUCT_NAME = "$(TARGET_NAME)";
				SWIFT_VERSION = 5.0;
				TARGETED_DEVICE_FAMILY = "1,2";
			};
			name = Release;
		};
/* End XCBuildConfiguration section */

/* Begin XCConfigurationList section */
		166CBC6223B2E594007C22A9 /* Build configuration list for PBXProject "Drawing Pad - SB" */ = {
			isa = XCConfigurationList;
			buildConfigurations = (
				166CBC7923B2E595007C22A9 /* Debug */,
				166CBC7A23B2E595007C22A9 /* Release */,
			);
			defaultConfigurationIsVisible = 0;
			defaultConfigurationName = Release;
		};
		166CBC7B23B2E595007C22A9 /* Build configuration list for PBXNativeTarget "Drawing Pad - SB" */ = {
			isa = XCConfigurationList;
			buildConfigurations = (
				166CBC7C23B2E595007C22A9 /* Debug */,
				166CBC7D23B2E595007C22A9 /* Release */,
			);
			defaultConfigurationIsVisible = 0;
			defaultConfigurationName = Release;
		};
/* End XCConfigurationList section */
	};
	rootObject = 166CBC5F23B2E594007C22A9 /* Project object */;
}
