// !$*UTF8*$!
{
	archiveVersion = 1;
	classes = {
	};
	objectVersion = 50;
	objects = {

/* Begin PBXBuildFile section */
		521DC014241C6B3100D76892 /* Shirt.swift in Sources */ = {isa = PBXBuildFile; fileRef = 521DC013241C6B3100D76892 /* Shirt.swift */; };
		521DC016241C6F7000D76892 /* TypesCollars.swift in Sources */ = {isa = PBXBuildFile; fileRef = 521DC015241C6F7000D76892 /* TypesCollars.swift */; };
		521DC021241D5D3700D76892 /* ShirtTypesTableViewController.swift in Sources */ = {isa = PBXBuildFile; fileRef = 521DC020241D5D3700D76892 /* ShirtTypesTableViewController.swift */; };
		521DC023241D5E2600D76892 /* FabricTypesTableViewController.swift in Sources */ = {isa = PBXBuildFile; fileRef = 521DC022241D5E2600D76892 /* FabricTypesTableViewController.swift */; };
		521DC025241D5ED300D76892 /* CollarTypesTableViewController.swift in Sources */ = {isa = PBXBuildFile; fileRef = 521DC024241D5ED300D76892 /* CollarTypesTableViewController.swift */; };
		521DC027241D5F5C00D76892 /* TypesFabrics.swift in Sources */ = {isa = PBXBuildFile; fileRef = 521DC026241D5F5C00D76892 /* TypesFabrics.swift */; };
		521DC029241D5F7700D76892 /* TypesShirts.swift in Sources */ = {isa = PBXBuildFile; fileRef = 521DC028241D5F7700D76892 /* TypesShirts.swift */; };
		521DC02B241D603A00D76892 /* ClosetTableViewController.swift in Sources */ = {isa = PBXBuildFile; fileRef = 521DC02A241D603A00D76892 /* ClosetTableViewController.swift */; };
		521DC02D241D66D300D76892 /* TieTypesTableViewController.swift in Sources */ = {isa = PBXBuildFile; fileRef = 521DC02C241D66D300D76892 /* TieTypesTableViewController.swift */; };
		521DC02F241D67C600D76892 /* TypesTies.swift in Sources */ = {isa = PBXBuildFile; fileRef = 521DC02E241D67C600D76892 /* TypesTies.swift */; };
		521DC031241D688700D76892 /* collarTypes in Resources */ = {isa = PBXBuildFile; fileRef = 521DC030241D688700D76892 /* collarTypes */; };
		521DC045241D6BC400D76892 /* fabricTypes in Resources */ = {isa = PBXBuildFile; fileRef = 521DC044241D6BC400D76892 /* fabricTypes */; };
		521DC05C241D6D9500D76892 /* tieKnotTypes in Resources */ = {isa = PBXBuildFile; fileRef = 521DC05B241D6D9400D76892 /* tieKnotTypes */; };
		521DC05E241D707800D76892 /* shirtTypes in Resources */ = {isa = PBXBuildFile; fileRef = 521DC05D241D707800D76892 /* shirtTypes */; };
		521DC060241D7A1B00D76892 /* CollarDetailVC.swift in Sources */ = {isa = PBXBuildFile; fileRef = 521DC05F241D7A1B00D76892 /* CollarDetailVC.swift */; };
		521DC062241D7A3300D76892 /* FabricDetailVC.swift in Sources */ = {isa = PBXBuildFile; fileRef = 521DC061241D7A3300D76892 /* FabricDetailVC.swift */; };
		521DC064241D7A4800D76892 /* ShirtDetailVC.swift in Sources */ = {isa = PBXBuildFile; fileRef = 521DC063241D7A4800D76892 /* ShirtDetailVC.swift */; };
		521DC066241D7A5900D76892 /* TieDetailVC.swift in Sources */ = {isa = PBXBuildFile; fileRef = 521DC065241D7A5900D76892 /* TieDetailVC.swift */; };
		521DC068241DAF4000D76892 /* ClosetDetailVC.swift in Sources */ = {isa = PBXBuildFile; fileRef = 521DC067241DAF4000D76892 /* ClosetDetailVC.swift */; };
		521DC06A241EA23600D76892 /* HomeViewController.swift in Sources */ = {isa = PBXBuildFile; fileRef = 521DC069241EA23600D76892 /* HomeViewController.swift */; };
		521DC06C241EA5F800D76892 /* ties in Resources */ = {isa = PBXBuildFile; fileRef = 521DC06B241EA5F800D76892 /* ties */; };
		521DC06E241EA61500D76892 /* shoes in Resources */ = {isa = PBXBuildFile; fileRef = 521DC06D241EA61500D76892 /* shoes */; };
		521DC070241EA72600D76892 /* ShirtCollectionViewCell.swift in Sources */ = {isa = PBXBuildFile; fileRef = 521DC06F241EA72600D76892 /* ShirtCollectionViewCell.swift */; };
		521DC072241EA73300D76892 /* TieCollectionViewCell.swift in Sources */ = {isa = PBXBuildFile; fileRef = 521DC071241EA73300D76892 /* TieCollectionViewCell.swift */; };
		521DC074241EA74100D76892 /* ShoeCollectionViewCell.swift in Sources */ = {isa = PBXBuildFile; fileRef = 521DC073241EA74100D76892 /* ShoeCollectionViewCell.swift */; };
		521DC076241EAAAA00D76892 /* TieCollectionList.swift in Sources */ = {isa = PBXBuildFile; fileRef = 521DC075241EAAAA00D76892 /* TieCollectionList.swift */; };
		521DC078241EAAB600D76892 /* ShoeCollectionList.swift in Sources */ = {isa = PBXBuildFile; fileRef = 521DC077241EAAB600D76892 /* ShoeCollectionList.swift */; };
		521DC07A241EC4DD00D76892 /* ClosetDetailedViewController.swift in Sources */ = {isa = PBXBuildFile; fileRef = 521DC079241EC4DD00D76892 /* ClosetDetailedViewController.swift */; };
		52430917241BBE750023B4DF /* AppDelegate.swift in Sources */ = {isa = PBXBuildFile; fileRef = 52430916241BBE750023B4DF /* AppDelegate.swift */; };
		52430919241BBE750023B4DF /* SceneDelegate.swift in Sources */ = {isa = PBXBuildFile; fileRef = 52430918241BBE750023B4DF /* SceneDelegate.swift */; };
		52430920241BBE750023B4DF /* Main.storyboard in Resources */ = {isa = PBXBuildFile; fileRef = 5243091E241BBE750023B4DF /* Main.storyboard */; };
		52430922241BBE760023B4DF /* Assets.xcassets in Resources */ = {isa = PBXBuildFile; fileRef = 52430921241BBE760023B4DF /* Assets.xcassets */; };
		52430925241BBE760023B4DF /* LaunchScreen.storyboard in Resources */ = {isa = PBXBuildFile; fileRef = 52430923241BBE760023B4DF /* LaunchScreen.storyboard */; };
		5243092D241BE07D0023B4DF /* AdvisorView.swift in Sources */ = {isa = PBXBuildFile; fileRef = 5243092C241BE07D0023B4DF /* AdvisorView.swift */; };
		5243092F241BE5FA0023B4DF /* MarketView.swift in Sources */ = {isa = PBXBuildFile; fileRef = 5243092E241BE5FA0023B4DF /* MarketView.swift */; };
		52430931241BE6C40023B4DF /* ProfileView.swift in Sources */ = {isa = PBXBuildFile; fileRef = 52430930241BE6C40023B4DF /* ProfileView.swift */; };
		52430933241BFFAD0023B4DF /* AddItemViewController.swift in Sources */ = {isa = PBXBuildFile; fileRef = 52430932241BFFAD0023B4DF /* AddItemViewController.swift */; };
/* End PBXBuildFile section */

/* Begin PBXFileReference section */
		521DC013241C6B3100D76892 /* Shirt.swift */ = {isa = PBXFileReference; lastKnownFileType = sourcecode.swift; name = Shirt.swift; path = ../Shirt.swift; sourceTree = "<group>"; };
		521DC015241C6F7000D76892 /* TypesCollars.swift */ = {isa = PBXFileReference; lastKnownFileType = sourcecode.swift; path = TypesCollars.swift; sourceTree = "<group>"; };
		521DC020241D5D3700D76892 /* ShirtTypesTableViewController.swift */ = {isa = PBXFileReference; lastKnownFileType = sourcecode.swift; path = ShirtTypesTableViewController.swift; sourceTree = "<group>"; };
		521DC022241D5E2600D76892 /* FabricTypesTableViewController.swift */ = {isa = PBXFileReference; lastKnownFileType = sourcecode.swift; path = FabricTypesTableViewController.swift; sourceTree = "<group>"; };
		521DC024241D5ED300D76892 /* CollarTypesTableViewController.swift */ = {isa = PBXFileReference; lastKnownFileType = sourcecode.swift; path = CollarTypesTableViewController.swift; sourceTree = "<group>"; };
		521DC026241D5F5C00D76892 /* TypesFabrics.swift */ = {isa = PBXFileReference; lastKnownFileType = sourcecode.swift; path = TypesFabrics.swift; sourceTree = "<group>"; };
		521DC028241D5F7700D76892 /* TypesShirts.swift */ = {isa = PBXFileReference; lastKnownFileType = sourcecode.swift; path = TypesShirts.swift; sourceTree = "<group>"; };
		521DC02A241D603A00D76892 /* ClosetTableViewController.swift */ = {isa = PBXFileReference; lastKnownFileType = sourcecode.swift; path = ClosetTableViewController.swift; sourceTree = "<group>"; };
		521DC02C241D66D300D76892 /* TieTypesTableViewController.swift */ = {isa = PBXFileReference; lastKnownFileType = sourcecode.swift; path = TieTypesTableViewController.swift; sourceTree = "<group>"; };
		521DC02E241D67C600D76892 /* TypesTies.swift */ = {isa = PBXFileReference; lastKnownFileType = sourcecode.swift; path = TypesTies.swift; sourceTree = "<group>"; };
		521DC030241D688700D76892 /* collarTypes */ = {isa = PBXFileReference; lastKnownFileType = folder; path = collarTypes; sourceTree = "<group>"; };
		521DC044241D6BC400D76892 /* fabricTypes */ = {isa = PBXFileReference; lastKnownFileType = folder; path = fabricTypes; sourceTree = "<group>"; };
		521DC05B241D6D9400D76892 /* tieKnotTypes */ = {isa = PBXFileReference; lastKnownFileType = folder; path = tieKnotTypes; sourceTree = "<group>"; };
		521DC05D241D707800D76892 /* shirtTypes */ = {isa = PBXFileReference; lastKnownFileType = folder; path = shirtTypes; sourceTree = "<group>"; };
		521DC05F241D7A1B00D76892 /* CollarDetailVC.swift */ = {isa = PBXFileReference; lastKnownFileType = sourcecode.swift; path = CollarDetailVC.swift; sourceTree = "<group>"; };
		521DC061241D7A3300D76892 /* FabricDetailVC.swift */ = {isa = PBXFileReference; lastKnownFileType = sourcecode.swift; path = FabricDetailVC.swift; sourceTree = "<group>"; };
		521DC063241D7A4800D76892 /* ShirtDetailVC.swift */ = {isa = PBXFileReference; lastKnownFileType = sourcecode.swift; path = ShirtDetailVC.swift; sourceTree = "<group>"; };
		521DC065241D7A5900D76892 /* TieDetailVC.swift */ = {isa = PBXFileReference; lastKnownFileType = sourcecode.swift; path = TieDetailVC.swift; sourceTree = "<group>"; };
		521DC067241DAF4000D76892 /* ClosetDetailVC.swift */ = {isa = PBXFileReference; lastKnownFileType = sourcecode.swift; path = ClosetDetailVC.swift; sourceTree = "<group>"; };
		521DC069241EA23600D76892 /* HomeViewController.swift */ = {isa = PBXFileReference; lastKnownFileType = sourcecode.swift; path = HomeViewController.swift; sourceTree = "<group>"; };
		521DC06B241EA5F800D76892 /* ties */ = {isa = PBXFileReference; lastKnownFileType = folder; path = ties; sourceTree = "<group>"; };
		521DC06D241EA61500D76892 /* shoes */ = {isa = PBXFileReference; lastKnownFileType = folder; path = shoes; sourceTree = "<group>"; };
		521DC06F241EA72600D76892 /* ShirtCollectionViewCell.swift */ = {isa = PBXFileReference; lastKnownFileType = sourcecode.swift; path = ShirtCollectionViewCell.swift; sourceTree = "<group>"; };
		521DC071241EA73300D76892 /* TieCollectionViewCell.swift */ = {isa = PBXFileReference; lastKnownFileType = sourcecode.swift; path = TieCollectionViewCell.swift; sourceTree = "<group>"; };
		521DC073241EA74100D76892 /* ShoeCollectionViewCell.swift */ = {isa = PBXFileReference; lastKnownFileType = sourcecode.swift; path = ShoeCollectionViewCell.swift; sourceTree = "<group>"; };
		521DC075241EAAAA00D76892 /* TieCollectionList.swift */ = {isa = PBXFileReference; lastKnownFileType = sourcecode.swift; path = TieCollectionList.swift; sourceTree = "<group>"; };
		521DC077241EAAB600D76892 /* ShoeCollectionList.swift */ = {isa = PBXFileReference; lastKnownFileType = sourcecode.swift; path = ShoeCollectionList.swift; sourceTree = "<group>"; };
		521DC079241EC4DD00D76892 /* ClosetDetailedViewController.swift */ = {isa = PBXFileReference; lastKnownFileType = sourcecode.swift; path = ClosetDetailedViewController.swift; sourceTree = "<group>"; };
		52430913241BBE750023B4DF /* TalukderR_FinalProject_CSC471.app */ = {isa = PBXFileReference; explicitFileType = wrapper.application; includeInIndex = 0; path = TalukderR_FinalProject_CSC471.app; sourceTree = BUILT_PRODUCTS_DIR; };
		52430916241BBE750023B4DF /* AppDelegate.swift */ = {isa = PBXFileReference; lastKnownFileType = sourcecode.swift; path = AppDelegate.swift; sourceTree = "<group>"; };
		52430918241BBE750023B4DF /* SceneDelegate.swift */ = {isa = PBXFileReference; lastKnownFileType = sourcecode.swift; path = SceneDelegate.swift; sourceTree = "<group>"; };
		5243091F241BBE750023B4DF /* Base */ = {isa = PBXFileReference; lastKnownFileType = file.storyboard; name = Base; path = Base.lproj/Main.storyboard; sourceTree = "<group>"; };
		52430921241BBE760023B4DF /* Assets.xcassets */ = {isa = PBXFileReference; lastKnownFileType = folder.assetcatalog; path = Assets.xcassets; sourceTree = "<group>"; };
		52430924241BBE760023B4DF /* Base */ = {isa = PBXFileReference; lastKnownFileType = file.storyboard; name = Base; path = Base.lproj/LaunchScreen.storyboard; sourceTree = "<group>"; };
		52430926241BBE760023B4DF /* Info.plist */ = {isa = PBXFileReference; lastKnownFileType = text.plist.xml; path = Info.plist; sourceTree = "<group>"; };
		5243092C241BE07D0023B4DF /* AdvisorView.swift */ = {isa = PBXFileReference; lastKnownFileType = sourcecode.swift; path = AdvisorView.swift; sourceTree = "<group>"; };
		5243092E241BE5FA0023B4DF /* MarketView.swift */ = {isa = PBXFileReference; lastKnownFileType = sourcecode.swift; path = MarketView.swift; sourceTree = "<group>"; };
		52430930241BE6C40023B4DF /* ProfileView.swift */ = {isa = PBXFileReference; lastKnownFileType = sourcecode.swift; path = ProfileView.swift; sourceTree = "<group>"; };
		52430932241BFFAD0023B4DF /* AddItemViewController.swift */ = {isa = PBXFileReference; lastKnownFileType = sourcecode.swift; path = AddItemViewController.swift; sourceTree = "<group>"; };
/* End PBXFileReference section */

/* Begin PBXFrameworksBuildPhase section */
		52430910241BBE750023B4DF /* Frameworks */ = {
			isa = PBXFrameworksBuildPhase;
			buildActionMask = 2147483647;
			files = (
			);
			runOnlyForDeploymentPostprocessing = 0;
		};
/* End PBXFrameworksBuildPhase section */

/* Begin PBXGroup section */
		5243090A241BBE750023B4DF = {
			isa = PBXGroup;
			children = (
				52430915241BBE750023B4DF /* TalukderR_FinalProject_CSC471 */,
				52430914241BBE750023B4DF /* Products */,
			);
			sourceTree = "<group>";
		};
		52430914241BBE750023B4DF /* Products */ = {
			isa = PBXGroup;
			children = (
				52430913241BBE750023B4DF /* TalukderR_FinalProject_CSC471.app */,
			);
			name = Products;
			sourceTree = "<group>";
		};
		52430915241BBE750023B4DF /* TalukderR_FinalProject_CSC471 */ = {
			isa = PBXGroup;
			children = (
				52430921241BBE760023B4DF /* Assets.xcassets */,
				521DC05B241D6D9400D76892 /* tieKnotTypes */,
				521DC030241D688700D76892 /* collarTypes */,
				521DC044241D6BC400D76892 /* fabricTypes */,
				521DC05D241D707800D76892 /* shirtTypes */,
				52430916241BBE750023B4DF /* AppDelegate.swift */,
				52430918241BBE750023B4DF /* SceneDelegate.swift */,
				5243091E241BBE750023B4DF /* Main.storyboard */,
				52430932241BFFAD0023B4DF /* AddItemViewController.swift */,
				521DC069241EA23600D76892 /* HomeViewController.swift */,
				521DC06F241EA72600D76892 /* ShirtCollectionViewCell.swift */,
				521DC071241EA73300D76892 /* TieCollectionViewCell.swift */,
				521DC073241EA74100D76892 /* ShoeCollectionViewCell.swift */,
				52430930241BE6C40023B4DF /* ProfileView.swift */,
				5243092E241BE5FA0023B4DF /* MarketView.swift */,
				5243092C241BE07D0023B4DF /* AdvisorView.swift */,
				521DC02A241D603A00D76892 /* ClosetTableViewController.swift */,
				521DC079241EC4DD00D76892 /* ClosetDetailedViewController.swift */,
				521DC067241DAF4000D76892 /* ClosetDetailVC.swift */,
				52430923241BBE760023B4DF /* LaunchScreen.storyboard */,
				52430926241BBE760023B4DF /* Info.plist */,
				521DC020241D5D3700D76892 /* ShirtTypesTableViewController.swift */,
				521DC063241D7A4800D76892 /* ShirtDetailVC.swift */,
				521DC022241D5E2600D76892 /* FabricTypesTableViewController.swift */,
				521DC061241D7A3300D76892 /* FabricDetailVC.swift */,
				521DC024241D5ED300D76892 /* CollarTypesTableViewController.swift */,
				521DC05F241D7A1B00D76892 /* CollarDetailVC.swift */,
				521DC02C241D66D300D76892 /* TieTypesTableViewController.swift */,
				521DC065241D7A5900D76892 /* TieDetailVC.swift */,
				521DC013241C6B3100D76892 /* Shirt.swift */,
				521DC075241EAAAA00D76892 /* TieCollectionList.swift */,
				521DC077241EAAB600D76892 /* ShoeCollectionList.swift */,
				521DC015241C6F7000D76892 /* TypesCollars.swift */,
				521DC026241D5F5C00D76892 /* TypesFabrics.swift */,
				521DC028241D5F7700D76892 /* TypesShirts.swift */,
				521DC02E241D67C600D76892 /* TypesTies.swift */,
				521DC06D241EA61500D76892 /* shoes */,
				521DC06B241EA5F800D76892 /* ties */,
			);
			path = TalukderR_FinalProject_CSC471;
			sourceTree = "<group>";
		};
/* End PBXGroup section */

/* Begin PBXNativeTarget section */
		52430912241BBE750023B4DF /* TalukderR_FinalProject_CSC471 */ = {
			isa = PBXNativeTarget;
			buildConfigurationList = 52430929241BBE760023B4DF /* Build configuration list for PBXNativeTarget "TalukderR_FinalProject_CSC471" */;
			buildPhases = (
				5243090F241BBE750023B4DF /* Sources */,
				52430910241BBE750023B4DF /* Frameworks */,
				52430911241BBE750023B4DF /* Resources */,
			);
			buildRules = (
			);
			dependencies = (
			);
			name = TalukderR_FinalProject_CSC471;
			productName = TalukderR_FinalProject_CSC471;
			productReference = 52430913241BBE750023B4DF /* TalukderR_FinalProject_CSC471.app */;
			productType = "com.apple.product-type.application";
		};
/* End PBXNativeTarget section */

/* Begin PBXProject section */
		5243090B241BBE750023B4DF /* Project object */ = {
			isa = PBXProject;
			attributes = {
				LastSwiftUpdateCheck = 1130;
				LastUpgradeCheck = 1130;
				ORGANIZATIONNAME = "DePaul University";
				TargetAttributes = {
					52430912241BBE750023B4DF = {
						CreatedOnToolsVersion = 11.3.1;
					};
				};
			};
			buildConfigurationList = 5243090E241BBE750023B4DF /* Build configuration list for PBXProject "TalukderR_FinalProject_CSC471" */;
			compatibilityVersion = "Xcode 9.3";
			developmentRegion = en;
			hasScannedForEncodings = 0;
			knownRegions = (
				en,
				Base,
			);
			mainGroup = 5243090A241BBE750023B4DF;
			productRefGroup = 52430914241BBE750023B4DF /* Products */;
			projectDirPath = "";
			projectRoot = "";
			targets = (
				52430912241BBE750023B4DF /* TalukderR_FinalProject_CSC471 */,
			);
		};
/* End PBXProject section */

/* Begin PBXResourcesBuildPhase section */
		52430911241BBE750023B4DF /* Resources */ = {
			isa = PBXResourcesBuildPhase;
			buildActionMask = 2147483647;
			files = (
				52430925241BBE760023B4DF /* LaunchScreen.storyboard in Resources */,
				521DC06C241EA5F800D76892 /* ties in Resources */,
				52430922241BBE760023B4DF /* Assets.xcassets in Resources */,
				521DC06E241EA61500D76892 /* shoes in Resources */,
				521DC05E241D707800D76892 /* shirtTypes in Resources */,
				521DC031241D688700D76892 /* collarTypes in Resources */,
				52430920241BBE750023B4DF /* Main.storyboard in Resources */,
				521DC045241D6BC400D76892 /* fabricTypes in Resources */,
				521DC05C241D6D9500D76892 /* tieKnotTypes in Resources */,
			);
			runOnlyForDeploymentPostprocessing = 0;
		};
/* End PBXResourcesBuildPhase section */

/* Begin PBXSourcesBuildPhase section */
		5243090F241BBE750023B4DF /* Sources */ = {
			isa = PBXSourcesBuildPhase;
			buildActionMask = 2147483647;
			files = (
				521DC016241C6F7000D76892 /* TypesCollars.swift in Sources */,
				5243092D241BE07D0023B4DF /* AdvisorView.swift in Sources */,
				521DC023241D5E2600D76892 /* FabricTypesTableViewController.swift in Sources */,
				521DC070241EA72600D76892 /* ShirtCollectionViewCell.swift in Sources */,
				521DC02B241D603A00D76892 /* ClosetTableViewController.swift in Sources */,
				521DC074241EA74100D76892 /* ShoeCollectionViewCell.swift in Sources */,
				521DC02F241D67C600D76892 /* TypesTies.swift in Sources */,
				521DC027241D5F5C00D76892 /* TypesFabrics.swift in Sources */,
				521DC068241DAF4000D76892 /* ClosetDetailVC.swift in Sources */,
				521DC06A241EA23600D76892 /* HomeViewController.swift in Sources */,
				521DC076241EAAAA00D76892 /* TieCollectionList.swift in Sources */,
				521DC062241D7A3300D76892 /* FabricDetailVC.swift in Sources */,
				5243092F241BE5FA0023B4DF /* MarketView.swift in Sources */,
				521DC02D241D66D300D76892 /* TieTypesTableViewController.swift in Sources */,
				52430917241BBE750023B4DF /* AppDelegate.swift in Sources */,
				521DC021241D5D3700D76892 /* ShirtTypesTableViewController.swift in Sources */,
				521DC060241D7A1B00D76892 /* CollarDetailVC.swift in Sources */,
				521DC072241EA73300D76892 /* TieCollectionViewCell.swift in Sources */,
				521DC07A241EC4DD00D76892 /* ClosetDetailedViewController.swift in Sources */,
				521DC025241D5ED300D76892 /* CollarTypesTableViewController.swift in Sources */,
				521DC064241D7A4800D76892 /* ShirtDetailVC.swift in Sources */,
				52430933241BFFAD0023B4DF /* AddItemViewController.swift in Sources */,
				521DC029241D5F7700D76892 /* TypesShirts.swift in Sources */,
				52430931241BE6C40023B4DF /* ProfileView.swift in Sources */,
				521DC014241C6B3100D76892 /* Shirt.swift in Sources */,
				52430919241BBE750023B4DF /* SceneDelegate.swift in Sources */,
				521DC066241D7A5900D76892 /* TieDetailVC.swift in Sources */,
				521DC078241EAAB600D76892 /* ShoeCollectionList.swift in Sources */,
			);
			runOnlyForDeploymentPostprocessing = 0;
		};
/* End PBXSourcesBuildPhase section */

/* Begin PBXVariantGroup section */
		5243091E241BBE750023B4DF /* Main.storyboard */ = {
			isa = PBXVariantGroup;
			children = (
				5243091F241BBE750023B4DF /* Base */,
			);
			name = Main.storyboard;
			sourceTree = "<group>";
		};
		52430923241BBE760023B4DF /* LaunchScreen.storyboard */ = {
			isa = PBXVariantGroup;
			children = (
				52430924241BBE760023B4DF /* Base */,
			);
			name = LaunchScreen.storyboard;
			sourceTree = "<group>";
		};
/* End PBXVariantGroup section */

/* Begin XCBuildConfiguration section */
		52430927241BBE760023B4DF /* Debug */ = {
			isa = XCBuildConfiguration;
			buildSettings = {
				ALWAYS_SEARCH_USER_PATHS = NO;
				CLANG_ANALYZER_NONNULL = YES;
				CLANG_ANALYZER_NUMBER_OBJECT_CONVERSION = YES_AGGRESSIVE;
				CLANG_CXX_LANGUAGE_STANDARD = "gnu++14";
				CLANG_CXX_LIBRARY = "libc++";
				CLANG_ENABLE_MODULES = YES;
				CLANG_ENABLE_OBJC_ARC = YES;
				CLANG_ENABLE_OBJC_WEAK = YES;
				CLANG_WARN_BLOCK_CAPTURE_AUTORELEASING = YES;
				CLANG_WARN_BOOL_CONVERSION = YES;
				CLANG_WARN_COMMA = YES;
				CLANG_WARN_CONSTANT_CONVERSION = YES;
				CLANG_WARN_DEPRECATED_OBJC_IMPLEMENTATIONS = YES;
				CLANG_WARN_DIRECT_OBJC_ISA_USAGE = YES_ERROR;
				CLANG_WARN_DOCUMENTATION_COMMENTS = YES;
				CLANG_WARN_EMPTY_BODY = YES;
				CLANG_WARN_ENUM_CONVERSION = YES;
				CLANG_WARN_INFINITE_RECURSION = YES;
				CLANG_WARN_INT_CONVERSION = YES;
				CLANG_WARN_NON_LITERAL_NULL_CONVERSION = YES;
				CLANG_WARN_OBJC_IMPLICIT_RETAIN_SELF = YES;
				CLANG_WARN_OBJC_LITERAL_CONVERSION = YES;
				CLANG_WARN_OBJC_ROOT_CLASS = YES_ERROR;
				CLANG_WARN_RANGE_LOOP_ANALYSIS = YES;
				CLANG_WARN_STRICT_PROTOTYPES = YES;
				CLANG_WARN_SUSPICIOUS_MOVE = YES;
				CLANG_WARN_UNGUARDED_AVAILABILITY = YES_AGGRESSIVE;
				CLANG_WARN_UNREACHABLE_CODE = YES;
				CLANG_WARN__DUPLICATE_METHOD_MATCH = YES;
				COPY_PHASE_STRIP = NO;
				DEBUG_INFORMATION_FORMAT = dwarf;
				ENABLE_STRICT_OBJC_MSGSEND = YES;
				ENABLE_TESTABILITY = YES;
				GCC_C_LANGUAGE_STANDARD = gnu11;
				GCC_DYNAMIC_NO_PIC = NO;
				GCC_NO_COMMON_BLOCKS = YES;
				GCC_OPTIMIZATION_LEVEL = 0;
				GCC_PREPROCESSOR_DEFINITIONS = (
					"DEBUG=1",
					"$(inherited)",
				);
				GCC_WARN_64_TO_32_BIT_CONVERSION = YES;
				GCC_WARN_ABOUT_RETURN_TYPE = YES_ERROR;
				GCC_WARN_UNDECLARED_SELECTOR = YES;
				GCC_WARN_UNINITIALIZED_AUTOS = YES_AGGRESSIVE;
				GCC_WARN_UNUSED_FUNCTION = YES;
				GCC_WARN_UNUSED_VARIABLE = YES;
				IPHONEOS_DEPLOYMENT_TARGET = 13.2;
				MTL_ENABLE_DEBUG_INFO = INCLUDE_SOURCE;
				MTL_FAST_MATH = YES;
				ONLY_ACTIVE_ARCH = YES;
				SDKROOT = iphoneos;
				SWIFT_ACTIVE_COMPILATION_CONDITIONS = DEBUG;
				SWIFT_OPTIMIZATION_LEVEL = "-Onone";
			};
			name = Debug;
		};
		52430928241BBE760023B4DF /* Release */ = {
			isa = XCBuildConfiguration;
			buildSettings = {
				ALWAYS_SEARCH_USER_PATHS = NO;
				CLANG_ANALYZER_NONNULL = YES;
				CLANG_ANALYZER_NUMBER_OBJECT_CONVERSION = YES_AGGRESSIVE;
				CLANG_CXX_LANGUAGE_STANDARD = "gnu++14";
				CLANG_CXX_LIBRARY = "libc++";
				CLANG_ENABLE_MODULES = YES;
				CLANG_ENABLE_OBJC_ARC = YES;
				CLANG_ENABLE_OBJC_WEAK = YES;
				CLANG_WARN_BLOCK_CAPTURE_AUTORELEASING = YES;
				CLANG_WARN_BOOL_CONVERSION = YES;
				CLANG_WARN_COMMA = YES;
				CLANG_WARN_CONSTANT_CONVERSION = YES;
				CLANG_WARN_DEPRECATED_OBJC_IMPLEMENTATIONS = YES;
				CLANG_WARN_DIRECT_OBJC_ISA_USAGE = YES_ERROR;
				CLANG_WARN_DOCUMENTATION_COMMENTS = YES;
				CLANG_WARN_EMPTY_BODY = YES;
				CLANG_WARN_ENUM_CONVERSION = YES;
				CLANG_WARN_INFINITE_RECURSION = YES;
				CLANG_WARN_INT_CONVERSION = YES;
				CLANG_WARN_NON_LITERAL_NULL_CONVERSION = YES;
				CLANG_WARN_OBJC_IMPLICIT_RETAIN_SELF = YES;
				CLANG_WARN_OBJC_LITERAL_CONVERSION = YES;
				CLANG_WARN_OBJC_ROOT_CLASS = YES_ERROR;
				CLANG_WARN_RANGE_LOOP_ANALYSIS = YES;
				CLANG_WARN_STRICT_PROTOTYPES = YES;
				CLANG_WARN_SUSPICIOUS_MOVE = YES;
				CLANG_WARN_UNGUARDED_AVAILABILITY = YES_AGGRESSIVE;
				CLANG_WARN_UNREACHABLE_CODE = YES;
				CLANG_WARN__DUPLICATE_METHOD_MATCH = YES;
				COPY_PHASE_STRIP = NO;
				DEBUG_INFORMATION_FORMAT = "dwarf-with-dsym";
				ENABLE_NS_ASSERTIONS = NO;
				ENABLE_STRICT_OBJC_MSGSEND = YES;
				GCC_C_LANGUAGE_STANDARD = gnu11;
				GCC_NO_COMMON_BLOCKS = YES;
				GCC_WARN_64_TO_32_BIT_CONVERSION = YES;
				GCC_WARN_ABOUT_RETURN_TYPE = YES_ERROR;
				GCC_WARN_UNDECLARED_SELECTOR = YES;
				GCC_WARN_UNINITIALIZED_AUTOS = YES_AGGRESSIVE;
				GCC_WARN_UNUSED_FUNCTION = YES;
				GCC_WARN_UNUSED_VARIABLE = YES;
				IPHONEOS_DEPLOYMENT_TARGET = 13.2;
				MTL_ENABLE_DEBUG_INFO = NO;
				MTL_FAST_MATH = YES;
				SDKROOT = iphoneos;
				SWIFT_COMPILATION_MODE = wholemodule;
				SWIFT_OPTIMIZATION_LEVEL = "-O";
				VALIDATE_PRODUCT = YES;
			};
			name = Release;
		};
		5243092A241BBE760023B4DF /* Debug */ = {
			isa = XCBuildConfiguration;
			buildSettings = {
				ASSETCATALOG_COMPILER_APPICON_NAME = AppIcon;
				CODE_SIGN_STYLE = Automatic;
				DEVELOPMENT_TEAM = G3Q4573F8R;
				INFOPLIST_FILE = TalukderR_FinalProject_CSC471/Info.plist;
				LD_RUNPATH_SEARCH_PATHS = (
					"$(inherited)",
					"@executable_path/Frameworks",
				);
				PRODUCT_BUNDLE_IDENTIFIER = "edu.depaul.csc471.TalukderR-FinalProject-CSC471";
				PRODUCT_NAME = "$(TARGET_NAME)";
				SWIFT_VERSION = 5.0;
				TARGETED_DEVICE_FAMILY = "1,2";
			};
			name = Debug;
		};
		5243092B241BBE760023B4DF /* Release */ = {
			isa = XCBuildConfiguration;
			buildSettings = {
				ASSETCATALOG_COMPILER_APPICON_NAME = AppIcon;
				CODE_SIGN_STYLE = Automatic;
				DEVELOPMENT_TEAM = G3Q4573F8R;
				INFOPLIST_FILE = TalukderR_FinalProject_CSC471/Info.plist;
				LD_RUNPATH_SEARCH_PATHS = (
					"$(inherited)",
					"@executable_path/Frameworks",
				);
				PRODUCT_BUNDLE_IDENTIFIER = "edu.depaul.csc471.TalukderR-FinalProject-CSC471";
				PRODUCT_NAME = "$(TARGET_NAME)";
				SWIFT_VERSION = 5.0;
				TARGETED_DEVICE_FAMILY = "1,2";
			};
			name = Release;
		};
/* End XCBuildConfiguration section */

/* Begin XCConfigurationList section */
		5243090E241BBE750023B4DF /* Build configuration list for PBXProject "TalukderR_FinalProject_CSC471" */ = {
			isa = XCConfigurationList;
			buildConfigurations = (
				52430927241BBE760023B4DF /* Debug */,
				52430928241BBE760023B4DF /* Release */,
			);
			defaultConfigurationIsVisible = 0;
			defaultConfigurationName = Release;
		};
		52430929241BBE760023B4DF /* Build configuration list for PBXNativeTarget "TalukderR_FinalProject_CSC471" */ = {
			isa = XCConfigurationList;
			buildConfigurations = (
				5243092A241BBE760023B4DF /* Debug */,
				5243092B241BBE760023B4DF /* Release */,
			);
			defaultConfigurationIsVisible = 0;
			defaultConfigurationName = Release;
		};
/* End XCConfigurationList section */
	};
	rootObject = 5243090B241BBE750023B4DF /* Project object */;
}
