// !$*UTF8*$!
{
	archiveVersion = 1;
	classes = {
	};
	objectVersion = 50;
	objects = {

/* Begin PBXBuildFile section */
		163DDAA223B2DDCC000C8D71 /* AppDelegate.swift in Sources */ = {isa = PBXBuildFile; fileRef = 163DDAA123B2DDCC000C8D71 /* AppDelegate.swift */; };
		163DDAA423B2DDCC000C8D71 /* SceneDelegate.swift in Sources */ = {isa = PBXBuildFile; fileRef = 163DDAA323B2DDCC000C8D71 /* SceneDelegate.swift */; };
		163DDAA623B2DDCC000C8D71 /* ViewController.swift in Sources */ = {isa = PBXBuildFile; fileRef = 163DDAA523B2DDCC000C8D71 /* ViewController.swift */; };
		163DDAA923B2DDCC000C8D71 /* Main.storyboard in Resources */ = {isa = PBXBuildFile; fileRef = 163DDAA723B2DDCC000C8D71 /* Main.storyboard */; };
		163DDAAB23B2DDCD000C8D71 /* Assets.xcassets in Resources */ = {isa = PBXBuildFile; fileRef = 163DDAAA23B2DDCD000C8D71 /* Assets.xcassets */; };
		163DDAAE23B2DDCD000C8D71 /* LaunchScreen.storyboard in Resources */ = {isa = PBXBuildFile; fileRef = 163DDAAC23B2DDCD000C8D71 /* LaunchScreen.storyboard */; };
/* End PBXBuildFile section */

/* Begin PBXFileReference section */
		163DDA9E23B2DDCC000C8D71 /* Key Frame Animation - SB.app */ = {isa = PBXFileReference; explicitFileType = wrapper.application; includeInIndex = 0; path = "Key Frame Animation - SB.app"; sourceTree = BUILT_PRODUCTS_DIR; };
		163DDAA123B2DDCC000C8D71 /* AppDelegate.swift */ = {isa = PBXFileReference; lastKnownFileType = sourcecode.swift; path = AppDelegate.swift; sourceTree = "<group>"; };
		163DDAA323B2DDCC000C8D71 /* SceneDelegate.swift */ = {isa = PBXFileReference; lastKnownFileType = sourcecode.swift; path = SceneDelegate.swift; sourceTree = "<group>"; };
		163DDAA523B2DDCC000C8D71 /* ViewController.swift */ = {isa = PBXFileReference; lastKnownFileType = sourcecode.swift; path = ViewController.swift; sourceTree = "<group>"; };
		163DDAA823B2DDCC000C8D71 /* Base */ = {isa = PBXFileReference; lastKnownFileType = file.storyboard; name = Base; path = Base.lproj/Main.storyboard; sourceTree = "<group>"; };
		163DDAAA23B2DDCD000C8D71 /* Assets.xcassets */ = {isa = PBXFileReference; lastKnownFileType = folder.assetcatalog; path = Assets.xcassets; sourceTree = "<group>"; };
		163DDAAD23B2DDCD000C8D71 /* Base */ = {isa = PBXFileReference; lastKnownFileType = file.storyboard; name = Base; path = Base.lproj/LaunchScreen.storyboard; sourceTree = "<group>"; };
		163DDAAF23B2DDCD000C8D71 /* Info.plist */ = {isa = PBXFileReference; lastKnownFileType = text.plist.xml; path = Info.plist; sourceTree = "<group>"; };
/* End PBXFileReference section */

/* Begin PBXFrameworksBuildPhase section */
		163DDA9B23B2DDCC000C8D71 /* Frameworks */ = {
			isa = PBXFrameworksBuildPhase;
			buildActionMask = 2147483647;
			files = (
			);
			runOnlyForDeploymentPostprocessing = 0;
		};
/* End PBXFrameworksBuildPhase section */

/* Begin PBXGroup section */
		163DDA9523B2DDCC000C8D71 = {
			isa = PBXGroup;
			children = (
				163DDAA023B2DDCC000C8D71 /* Key Frame Animation - SB */,
				163DDA9F23B2DDCC000C8D71 /* Products */,
			);
			sourceTree = "<group>";
		};
		163DDA9F23B2DDCC000C8D71 /* Products */ = {
			isa = PBXGroup;
			children = (
				163DDA9E23B2DDCC000C8D71 /* Key Frame Animation - SB.app */,
			);
			name = Products;
			sourceTree = "<group>";
		};
		163DDAA023B2DDCC000C8D71 /* Key Frame Animation - SB */ = {
			isa = PBXGroup;
			children = (
				163DDAA123B2DDCC000C8D71 /* AppDelegate.swift */,
				163DDAA323B2DDCC000C8D71 /* SceneDelegate.swift */,
				163DDAA523B2DDCC000C8D71 /* ViewController.swift */,
				163DDAA723B2DDCC000C8D71 /* Main.storyboard */,
				163DDAAA23B2DDCD000C8D71 /* Assets.xcassets */,
				163DDAAC23B2DDCD000C8D71 /* LaunchScreen.storyboard */,
				163DDAAF23B2DDCD000C8D71 /* Info.plist */,
			);
			path = "Key Frame Animation - SB";
			sourceTree = "<group>";
		};
/* End PBXGroup section */

/* Begin PBXNativeTarget section */
		163DDA9D23B2DDCC000C8D71 /* Key Frame Animation - SB */ = {
			isa = PBXNativeTarget;
			buildConfigurationList = 163DDAB223B2DDCD000C8D71 /* Build configuration list for PBXNativeTarget "Key Frame Animation - SB" */;
			buildPhases = (
				163DDA9A23B2DDCC000C8D71 /* Sources */,
				163DDA9B23B2DDCC000C8D71 /* Frameworks */,
				163DDA9C23B2DDCC000C8D71 /* Resources */,
			);
			buildRules = (
			);
			dependencies = (
			);
			name = "Key Frame Animation - SB";
			productName = "Key Frame Animation - SB";
			productReference = 163DDA9E23B2DDCC000C8D71 /* Key Frame Animation - SB.app */;
			productType = "com.apple.product-type.application";
		};
/* End PBXNativeTarget section */

/* Begin PBXProject section */
		163DDA9623B2DDCC000C8D71 /* Project object */ = {
			isa = PBXProject;
			attributes = {
				LastSwiftUpdateCheck = 1130;
				LastUpgradeCheck = 1130;
				ORGANIZATIONNAME = "DePaul University";
				TargetAttributes = {
					163DDA9D23B2DDCC000C8D71 = {
						CreatedOnToolsVersion = 11.3;
					};
				};
			};
			buildConfigurationList = 163DDA9923B2DDCC000C8D71 /* Build configuration list for PBXProject "Key Frame Animation - SB" */;
			compatibilityVersion = "Xcode 9.3";
			developmentRegion = en;
			hasScannedForEncodings = 0;
			knownRegions = (
				en,
				Base,
			);
			mainGroup = 163DDA9523B2DDCC000C8D71;
			productRefGroup = 163DDA9F23B2DDCC000C8D71 /* Products */;
			projectDirPath = "";
			projectRoot = "";
			targets = (
				163DDA9D23B2DDCC000C8D71 /* Key Frame Animation - SB */,
			);
		};
/* End PBXProject section */

/* Begin PBXResourcesBuildPhase section */
		163DDA9C23B2DDCC000C8D71 /* Resources */ = {
			isa = PBXResourcesBuildPhase;
			buildActionMask = 2147483647;
			files = (
				163DDAAE23B2DDCD000C8D71 /* LaunchScreen.storyboard in Resources */,
				163DDAAB23B2DDCD000C8D71 /* Assets.xcassets in Resources */,
				163DDAA923B2DDCC000C8D71 /* Main.storyboard in Resources */,
			);
			runOnlyForDeploymentPostprocessing = 0;
		};
/* End PBXResourcesBuildPhase section */

/* Begin PBXSourcesBuildPhase section */
		163DDA9A23B2DDCC000C8D71 /* Sources */ = {
			isa = PBXSourcesBuildPhase;
			buildActionMask = 2147483647;
			files = (
				163DDAA623B2DDCC000C8D71 /* ViewController.swift in Sources */,
				163DDAA223B2DDCC000C8D71 /* AppDelegate.swift in Sources */,
				163DDAA423B2DDCC000C8D71 /* SceneDelegate.swift in Sources */,
			);
			runOnlyForDeploymentPostprocessing = 0;
		};
/* End PBXSourcesBuildPhase section */

/* Begin PBXVariantGroup section */
		163DDAA723B2DDCC000C8D71 /* Main.storyboard */ = {
			isa = PBXVariantGroup;
			children = (
				163DDAA823B2DDCC000C8D71 /* Base */,
			);
			name = Main.storyboard;
			sourceTree = "<group>";
		};
		163DDAAC23B2DDCD000C8D71 /* LaunchScreen.storyboard */ = {
			isa = PBXVariantGroup;
			children = (
				163DDAAD23B2DDCD000C8D71 /* Base */,
			);
			name = LaunchScreen.storyboard;
			sourceTree = "<group>";
		};
/* End PBXVariantGroup section */

/* Begin XCBuildConfiguration section */
		163DDAB023B2DDCD000C8D71 /* Debug */ = {
			isa = XCBuildConfiguration;
			buildSettings = {
				ALWAYS_SEARCH_USER_PATHS = NO;
				CLANG_ANALYZER_NONNULL = YES;
				CLANG_ANALYZER_NUMBER_OBJECT_CONVERSION = YES_AGGRESSIVE;
				CLANG_CXX_LANGUAGE_STANDARD = "gnu++14";
				CLANG_CXX_LIBRARY = "libc++";
				CLANG_ENABLE_MODULES = YES;
				CLANG_ENABLE_OBJC_ARC = YES;
				CLANG_ENABLE_OBJC_WEAK = YES;
				CLANG_WARN_BLOCK_CAPTURE_AUTORELEASING = YES;
				CLANG_WARN_BOOL_CONVERSION = YES;
				CLANG_WARN_COMMA = YES;
				CLANG_WARN_CONSTANT_CONVERSION = YES;
				CLANG_WARN_DEPRECATED_OBJC_IMPLEMENTATIONS = YES;
				CLANG_WARN_DIRECT_OBJC_ISA_USAGE = YES_ERROR;
				CLANG_WARN_DOCUMENTATION_COMMENTS = YES;
				CLANG_WARN_EMPTY_BODY = YES;
				CLANG_WARN_ENUM_CONVERSION = YES;
				CLANG_WARN_INFINITE_RECURSION = YES;
				CLANG_WARN_INT_CONVERSION = YES;
				CLANG_WARN_NON_LITERAL_NULL_CONVERSION = YES;
				CLANG_WARN_OBJC_IMPLICIT_RETAIN_SELF = YES;
				CLANG_WARN_OBJC_LITERAL_CONVERSION = YES;
				CLANG_WARN_OBJC_ROOT_CLASS = YES_ERROR;
				CLANG_WARN_RANGE_LOOP_ANALYSIS = YES;
				CLANG_WARN_STRICT_PROTOTYPES = YES;
				CLANG_WARN_SUSPICIOUS_MOVE = YES;
				CLANG_WARN_UNGUARDED_AVAILABILITY = YES_AGGRESSIVE;
				CLANG_WARN_UNREACHABLE_CODE = YES;
				CLANG_WARN__DUPLICATE_METHOD_MATCH = YES;
				COPY_PHASE_STRIP = NO;
				DEBUG_INFORMATION_FORMAT = dwarf;
				ENABLE_STRICT_OBJC_MSGSEND = YES;
				ENABLE_TESTABILITY = YES;
				GCC_C_LANGUAGE_STANDARD = gnu11;
				GCC_DYNAMIC_NO_PIC = NO;
				GCC_NO_COMMON_BLOCKS = YES;
				GCC_OPTIMIZATION_LEVEL = 0;
				GCC_PREPROCESSOR_DEFINITIONS = (
					"DEBUG=1",
					"$(inherited)",
				);
				GCC_WARN_64_TO_32_BIT_CONVERSION = YES;
				GCC_WARN_ABOUT_RETURN_TYPE = YES_ERROR;
				GCC_WARN_UNDECLARED_SELECTOR = YES;
				GCC_WARN_UNINITIALIZED_AUTOS = YES_AGGRESSIVE;
				GCC_WARN_UNUSED_FUNCTION = YES;
				GCC_WARN_UNUSED_VARIABLE = YES;
				IPHONEOS_DEPLOYMENT_TARGET = 13.2;
				MTL_ENABLE_DEBUG_INFO = INCLUDE_SOURCE;
				MTL_FAST_MATH = YES;
				ONLY_ACTIVE_ARCH = YES;
				SDKROOT = iphoneos;
				SWIFT_ACTIVE_COMPILATION_CONDITIONS = DEBUG;
				SWIFT_OPTIMIZATION_LEVEL = "-Onone";
			};
			name = Debug;
		};
		163DDAB123B2DDCD000C8D71 /* Release */ = {
			isa = XCBuildConfiguration;
			buildSettings = {
				ALWAYS_SEARCH_USER_PATHS = NO;
				CLANG_ANALYZER_NONNULL = YES;
				CLANG_ANALYZER_NUMBER_OBJECT_CONVERSION = YES_AGGRESSIVE;
				CLANG_CXX_LANGUAGE_STANDARD = "gnu++14";
				CLANG_CXX_LIBRARY = "libc++";
				CLANG_ENABLE_MODULES = YES;
				CLANG_ENABLE_OBJC_ARC = YES;
				CLANG_ENABLE_OBJC_WEAK = YES;
				CLANG_WARN_BLOCK_CAPTURE_AUTORELEASING = YES;
				CLANG_WARN_BOOL_CONVERSION = YES;
				CLANG_WARN_COMMA = YES;
				CLANG_WARN_CONSTANT_CONVERSION = YES;
				CLANG_WARN_DEPRECATED_OBJC_IMPLEMENTATIONS = YES;
				CLANG_WARN_DIRECT_OBJC_ISA_USAGE = YES_ERROR;
				CLANG_WARN_DOCUMENTATION_COMMENTS = YES;
				CLANG_WARN_EMPTY_BODY = YES;
				CLANG_WARN_ENUM_CONVERSION = YES;
				CLANG_WARN_INFINITE_RECURSION = YES;
				CLANG_WARN_INT_CONVERSION = YES;
				CLANG_WARN_NON_LITERAL_NULL_CONVERSION = YES;
				CLANG_WARN_OBJC_IMPLICIT_RETAIN_SELF = YES;
				CLANG_WARN_OBJC_LITERAL_CONVERSION = YES;
				CLANG_WARN_OBJC_ROOT_CLASS = YES_ERROR;
				CLANG_WARN_RANGE_LOOP_ANALYSIS = YES;
				CLANG_WARN_STRICT_PROTOTYPES = YES;
				CLANG_WARN_SUSPICIOUS_MOVE = YES;
				CLANG_WARN_UNGUARDED_AVAILABILITY = YES_AGGRESSIVE;
				CLANG_WARN_UNREACHABLE_CODE = YES;
				CLANG_WARN__DUPLICATE_METHOD_MATCH = YES;
				COPY_PHASE_STRIP = NO;
				DEBUG_INFORMATION_FORMAT = "dwarf-with-dsym";
				ENABLE_NS_ASSERTIONS = NO;
				ENABLE_STRICT_OBJC_MSGSEND = YES;
				GCC_C_LANGUAGE_STANDARD = gnu11;
				GCC_NO_COMMON_BLOCKS = YES;
				GCC_WARN_64_TO_32_BIT_CONVERSION = YES;
				GCC_WARN_ABOUT_RETURN_TYPE = YES_ERROR;
				GCC_WARN_UNDECLARED_SELECTOR = YES;
				GCC_WARN_UNINITIALIZED_AUTOS = YES_AGGRESSIVE;
				GCC_WARN_UNUSED_FUNCTION = YES;
				GCC_WARN_UNUSED_VARIABLE = YES;
				IPHONEOS_DEPLOYMENT_TARGET = 13.2;
				MTL_ENABLE_DEBUG_INFO = NO;
				MTL_FAST_MATH = YES;
				SDKROOT = iphoneos;
				SWIFT_COMPILATION_MODE = wholemodule;
				SWIFT_OPTIMIZATION_LEVEL = "-O";
				VALIDATE_PRODUCT = YES;
			};
			name = Release;
		};
		163DDAB323B2DDCD000C8D71 /* Debug */ = {
			isa = XCBuildConfiguration;
			buildSettings = {
				ASSETCATALOG_COMPILER_APPICON_NAME = AppIcon;
				CODE_SIGN_STYLE = Automatic;
				DEVELOPMENT_TEAM = EQDMF4EA2Q;
				INFOPLIST_FILE = "Key Frame Animation - SB/Info.plist";
				LD_RUNPATH_SEARCH_PATHS = (
					"$(inherited)",
					"@executable_path/Frameworks",
				);
				PRODUCT_BUNDLE_IDENTIFIER = "edu.depaul.csc471.Key-Frame-Animation---SB";
				PRODUCT_NAME = "$(TARGET_NAME)";
				SWIFT_VERSION = 5.0;
				TARGETED_DEVICE_FAMILY = "1,2";
			};
			name = Debug;
		};
		163DDAB423B2DDCD000C8D71 /* Release */ = {
			isa = XCBuildConfiguration;
			buildSettings = {
				ASSETCATALOG_COMPILER_APPICON_NAME = AppIcon;
				CODE_SIGN_STYLE = Automatic;
				DEVELOPMENT_TEAM = EQDMF4EA2Q;
				INFOPLIST_FILE = "Key Frame Animation - SB/Info.plist";
				LD_RUNPATH_SEARCH_PATHS = (
					"$(inherited)",
					"@executable_path/Frameworks",
				);
				PRODUCT_BUNDLE_IDENTIFIER = "edu.depaul.csc471.Key-Frame-Animation---SB";
				PRODUCT_NAME = "$(TARGET_NAME)";
				SWIFT_VERSION = 5.0;
				TARGETED_DEVICE_FAMILY = "1,2";
			};
			name = Release;
		};
/* End XCBuildConfiguration section */

/* Begin XCConfigurationList section */
		163DDA9923B2DDCC000C8D71 /* Build configuration list for PBXProject "Key Frame Animation - SB" */ = {
			isa = XCConfigurationList;
			buildConfigurations = (
				163DDAB023B2DDCD000C8D71 /* Debug */,
				163DDAB123B2DDCD000C8D71 /* Release */,
			);
			defaultConfigurationIsVisible = 0;
			defaultConfigurationName = Release;
		};
		163DDAB223B2DDCD000C8D71 /* Build configuration list for PBXNativeTarget "Key Frame Animation - SB" */ = {
			isa = XCConfigurationList;
			buildConfigurations = (
				163DDAB323B2DDCD000C8D71 /* Debug */,
				163DDAB423B2DDCD000C8D71 /* Release */,
			);
			defaultConfigurationIsVisible = 0;
			defaultConfigurationName = Release;
		};
/* End XCConfigurationList section */
	};
	rootObject = 163DDA9623B2DDCC000C8D71 /* Project object */;
}
